
Microsoft Visual Studio Solution File, Format Version 12.00
# Visual Studio Version 17
VisualStudioVersion = 17.0.31903.59
MinimumVisualStudioVersion = 10.0.40219.1
Project("{FAE04EC0-301F-11D3-BF4B-00C04F79EFBC}") = "EasyEvent", "src\EasyEvent\EasyEvent.csproj", "{60FDC44E-6BE0-08BF-8160-5698CE6AE6B1}"
EndProject
Global
	GlobalSection(SolutionConfigurationPlatforms) = preSolution
		Debug|Any CPU = Debug|Any CPU
		Release|Any CPU = Release|Any CPU
	EndGlobalSection
	GlobalSection(ProjectConfigurationPlatforms) = postSolution
		{60FDC44E-6BE0-08BF-8160-5698CE6AE6B1}.Debug|Any CPU.ActiveCfg = Debug|Any CPU
		{60FDC44E-6BE0-08BF-8160-5698CE6AE6B1}.Debug|Any CPU.Build.0 = Debug|Any CPU
		{60FDC44E-6BE0-08BF-8160-5698CE6AE6B1}.Release|Any CPU.ActiveCfg = Release|Any CPU
		{60FDC44E-6BE0-08BF-8160-5698CE6AE6B1}.Release|Any CPU.Build.0 = Release|Any CPU
	EndGlobalSection
	GlobalSection(SolutionProperties) = preSolution
		HideSolutionNode = FALSE
	EndGlobalSection
	GlobalSection(ExtensibilityGlobals) = postSolution
		SolutionGuid = {88A58973-DB43-4358-9505-51E17B784F94}
	EndGlobalSection
EndGlobal
